
Microsoft Visual Studio Solution File, Format Version 12.00
# Visual Studio Version 17
VisualStudioVersion = 17.3.32819.101
MinimumVisualStudioVersion = 10.0.40219.1
Project("{FAE04EC0-301F-11D3-BF4B-00C04F79EFBC}") = "grundernaOOP", "grundernaOOP\grundernaOOP.csproj", "{8670208A-F4A0-4327-A4CD-10BEE924C1DB}"
EndProject
Global
	GlobalSection(SolutionConfigurationPlatforms) = preSolution
		Debug|Any CPU = Debug|Any CPU
		Release|Any CPU = Release|Any CPU
	EndGlobalSection
	GlobalSection(ProjectConfigurationPlatforms) = postSolution
		{8670208A-F4A0-4327-A4CD-10BEE924C1DB}.Debug|Any CPU.ActiveCfg = Debug|Any CPU
		{8670208A-F4A0-4327-A4CD-10BEE924C1DB}.Debug|Any CPU.Build.0 = Debug|Any CPU
		{8670208A-F4A0-4327-A4CD-10BEE924C1DB}.Release|Any CPU.ActiveCfg = Release|Any CPU
		{8670208A-F4A0-4327-A4CD-10BEE924C1DB}.Release|Any CPU.Build.0 = Release|Any CPU
	EndGlobalSection
	GlobalSection(SolutionProperties) = preSolution
		HideSolutionNode = FALSE
	EndGlobalSection
	GlobalSection(ExtensibilityGlobals) = postSolution
		SolutionGuid = {FEDF1428-74C8-41EB-9AED-BBE4AC16D5D9}
	EndGlobalSection
EndGlobal
